# @generated by Move, please check-in and do not edit manually.

[move]
version = 3
manifest_digest = "32349443988B10DF14C02B7146BAE46E3B63CB51F5EB9BDFB1B76538ACBDB901"
deps_digest = "060AD7E57DFB13104F21BE5F5C3759D03F0553FC3229247D9A7A6B45F50D03A3"
dependencies = [
  { id = "Sui", name = "Sui" },
  { id = "deepbookv3", name = "deepbookv3" },
  { id = "token", name = "token" },
]

[[move.package]]
id = "MoveStdlib"
source = { git = "https://github.com/MystenLabs/sui.git", rev = "mainnet-v1.23.1", subdir = "crates/sui-framework/packages/move-stdlib" }

[[move.package]]
id = "Sui"
source = { git = "https://github.com/MystenLabs/sui.git", rev = "mainnet-v1.23.1", subdir = "crates/sui-framework/packages/sui-framework" }

dependencies = [
  { id = "MoveStdlib", name = "MoveStdlib" },
]

[[move.package]]
id = "deepbookv3"
source = { git = "https://git.cplus.link/mesolabs/deepbookv3.git", rev = "mainnet", subdir = "packages/deepbook" }

dependencies = [
  { id = "Sui", name = "Sui" },
  { id = "token", name = "token" },
]

[[move.package]]
id = "token"
source = { git = "https://git.cplus.link/mesolabs/deepbookv3.git", rev = "mainnet", subdir = "packages/token" }

dependencies = [
  { id = "Sui", name = "Sui" },
]

[move.toolchain-version]
compiler-version = "1.35.0"
edition = "2024.beta"
flavor = "sui"

[env]

[env.bv-testnet]
chain-id = "4c78adac"
original-published-id = "0x807e5c072051e28b501f70cc7256a15b6ff1fd3859debd08a233c15750d7b5dc"
latest-published-id = "0x807e5c072051e28b501f70cc7256a15b6ff1fd3859debd08a233c15750d7b5dc"
published-version = "1"

[env.bv-mainnet]
chain-id = "35834a8a"
original-published-id = "0x9caccba6a5e9570a7cd712fc849daff8a0290874d4e4bcc046391b9620a253c9"
latest-published-id = "0x9caccba6a5e9570a7cd712fc849daff8a0290874d4e4bcc046391b9620a253c9"
published-version = "1"
