# @generated by Move, please check-in and do not edit manually.

[move]
version = 2
manifest_digest = "0C3492AE18742B02EBE793C81823D3876155210CFCD475C43354693DFD92F3AB"
deps_digest = "8ADDF07E60EF9ABEFEBFE3115F6D8E269A96EAED8060B41FE1C8B9AB5C34A73C"
dependencies = [
  { name = "Afsui" },
  { name = "AftermathAMM" },
  { name = "CetusClmm" },
  { name = "DeepBook" },
  { name = "FlowxAMM" },
  { name = "FlowxClmm" },
  { name = "Hasui" },
  { name = "IntegerMate" },
  { name = "KriyaAmm" },
  { name = "KriyaClmm" },
  { name = "MoveSTL" },
  { name = "Sui" },
  { name = "TurbosDex" },
  { name = "Vsui" },
]

[[move.package]]
name = "Afsui"
source = { local = "../externals/aftermath/staking" }

dependencies = [
  { name = "LinkedSet" },
  { name = "Safe" },
  { name = "StakingAfsui" },
  { name = "StakingRefer" },
  { name = "StakingTreasury" },
  { name = "Sui" },
  { name = "SuiSystem" },
  { name = "SuiSystemUtils" },
]

[[move.package]]
name = "AftermathAMM"
source = { local = "../externals/aftermath/aftermath-amm" }

dependencies = [
  { name = "AmmMath" },
  { name = "ProtocolFeeVault" },
  { name = "Sui" },
]

[[move.package]]
name = "AmmMath"
source = { local = "../externals/aftermath/amm-math" }

dependencies = [
  { name = "Sui" },
]

[[move.package]]
name = "CetusClmm"
source = { git = "https://github.com/CetusProtocol/cetus-clmm-interface.git", rev = "mainnet-v1.23.1", subdir = "sui/clmmpool" }

dependencies = [
  { name = "IntegerMate" },
  { name = "MoveSTL" },
  { name = "Sui" },
]

[[move.package]]
name = "DeepBook"
source = { git = "https://github.com/MystenLabs/sui.git", rev = "mainnet-v1.23.1", subdir = "crates/sui-framework/packages/deepbook" }

dependencies = [
  { name = "MoveStdlib" },
  { name = "Sui" },
]

[[move.package]]
name = "FlowxAMM"
source = { local = "../externals/flowx-amm" }

dependencies = [
  { name = "Sui" },
]

[[move.package]]
name = "FlowxClmm"
source = { local = "../externals/flowx-clmm" }

dependencies = [
  { name = "Sui" },
]

[[move.package]]
name = "Hasui"
source = { local = "../externals/hasui" }

dependencies = [
  { name = "Sui" },
  { name = "SuiSystem" },
]

[[move.package]]
name = "InsuranceFund"
source = { local = "../externals/aftermath/amm-insurance-fund" }

dependencies = [
  { name = "Sui" },
]

[[move.package]]
name = "IntegerMate"
source = { git = "https://github.com/CetusProtocol/integer-mate.git", rev = "mainnet-v1.23.1", subdir = "sui" }

dependencies = [
  { name = "Sui" },
]

[[move.package]]
name = "KriyaAmm"
source = { local = "../externals/kriya-amm" }

dependencies = [
  { name = "Sui" },
]

[[move.package]]
name = "KriyaClmm"
source = { local = "../externals/kriya-clmm" }

dependencies = [
  { name = "Sui" },
]

[[move.package]]
name = "LinkedSet"
source = { local = "../externals/aftermath/utility/linked-set" }

dependencies = [
  { name = "Sui" },
]

[[move.package]]
name = "MoveSTL"
source = { git = "https://github.com/CetusProtocol/move-stl.git", rev = "mainnet-v1.23.1", subdir = "sui" }

dependencies = [
  { name = "Sui" },
]

[[move.package]]
name = "MoveStdlib"
source = { git = "https://github.com/MystenLabs/sui.git", rev = "mainnet-v1.23.1", subdir = "crates/sui-framework/packages/move-stdlib" }

[[move.package]]
name = "ProtocolFeeVault"
source = { local = "../externals/aftermath/amm-protocol-fee-vault" }

dependencies = [
  { name = "InsuranceFund" },
  { name = "ReferralVault" },
  { name = "Sui" },
  { name = "Treasury" },
  { name = "utilities" },
]

[[move.package]]
name = "ReferralVault"
source = { local = "../externals/aftermath/amm-referral-vault" }

dependencies = [
  { name = "Sui" },
]

[[move.package]]
name = "Safe"
source = { local = "../externals/aftermath/utility/safe" }

dependencies = [
  { name = "Sui" },
]

[[move.package]]
name = "StakingAfsui"
source = { local = "../externals/aftermath/staking-afsui" }

dependencies = [
  { name = "Sui" },
]

[[move.package]]
name = "StakingRefer"
source = { local = "../externals/aftermath/staking-refer" }

dependencies = [
  { name = "Sui" },
]

[[move.package]]
name = "StakingTreasury"
source = { local = "../externals/aftermath/staking-treasury" }

dependencies = [
  { name = "Sui" },
]

[[move.package]]
name = "Sui"
source = { git = "https://github.com/MystenLabs/sui.git", rev = "mainnet-v1.23.1", subdir = "crates/sui-framework/packages/sui-framework" }

dependencies = [
  { name = "MoveStdlib" },
]

[[move.package]]
name = "SuiSystem"
source = { git = "https://github.com/MystenLabs/sui.git", rev = "mainnet-v1.23.1", subdir = "crates/sui-framework/packages/sui-system" }

dependencies = [
  { name = "MoveStdlib" },
  { name = "Sui" },
]

[[move.package]]
name = "SuiSystemUtils"
source = { local = "../externals/aftermath/utility/sui-system-utils" }

dependencies = [
  { name = "Sui" },
  { name = "SuiSystem" },
]

[[move.package]]
name = "Treasury"
source = { local = "../externals/aftermath/amm-treasury" }

dependencies = [
  { name = "Sui" },
]

[[move.package]]
name = "TurbosDex"
source = { local = "../externals/turbos-dex" }

dependencies = [
  { name = "Sui" },
]

[[move.package]]
name = "Vsui"
source = { local = "../externals/vsui" }

dependencies = [
  { name = "Sui" },
  { name = "SuiSystem" },
]

[[move.package]]
name = "utilities"
source = { local = "../externals/aftermath/utility/utilities" }

dependencies = [
  { name = "Sui" },
]

[move.toolchain-version]
compiler-version = "1.31.1"
edition = "2024.beta"
flavor = "sui"

[env]

[env.bv-mainnet]
chain-id = "35834a8a"
original-published-id = "0xeffc8ae61f439bb34c9b905ff8f29ec56873dcedf81c7123ff2f1f67c45ec302"
latest-published-id = "0xeffc8ae61f439bb34c9b905ff8f29ec56873dcedf81c7123ff2f1f67c45ec302"
published-version = "1"
