# @generated by Move, please check-in and do not edit manually.

[move]
version = 1
manifest_digest = "0D0AD942E07CC2EFCAA744A8AA77C607457D00BD2EAAD4853A363CFA8AE083C3"
deps_digest = "8227D341C0550A37580C10FA45FE148A465225149C69D179737E0FE454AD6AEC"
dependencies = [
  { name = "AftermathAMM" },
  { name = "CetusClmm" },
  { name = "DeepBook" },
  { name = "FlowxAMM" },
  { name = "IntegerMate" },
  { name = "KriyaDex" },
  { name = "MoveSTL" },
  { name = "Sui" },
  { name = "TurbosDex" },
]

[[move.package]]
name = "AftermathAMM"
source = { local = "../externals/aftermath/aftermath-amm" }

dependencies = [
  { name = "AmmMath" },
  { name = "ProtocolFeeVault" },
  { name = "Sui" },
]

[[move.package]]
name = "AmmMath"
source = { local = "../externals/aftermath/amm-math" }

dependencies = [
  { name = "Sui" },
]

[[move.package]]
name = "CetusClmm"
source = { git = "https://github.com/CetusProtocol/cetus-clmm-interface.git", rev = "mainnet-v1.23.1", subdir = "sui/clmmpool" }

dependencies = [
  { name = "IntegerMate" },
  { name = "MoveSTL" },
  { name = "Sui" },
]

[[move.package]]
name = "DeepBook"
source = { git = "https://github.com/MystenLabs/sui.git", rev = "mainnet-v1.23.1", subdir = "crates/sui-framework/packages/deepbook" }

dependencies = [
  { name = "MoveStdlib" },
  { name = "Sui" },
]

[[move.package]]
name = "FlowxAMM"
source = { local = "../externals/flowx-amm" }

dependencies = [
  { name = "Sui" },
]

[[move.package]]
name = "InsuranceFund"
source = { local = "../externals/aftermath/amm-insurance-fund" }

dependencies = [
  { name = "Sui" },
]

[[move.package]]
name = "IntegerMate"
source = { git = "https://github.com/CetusProtocol/integer-mate.git", rev = "mainnet-v1.23.1", subdir = "sui" }

dependencies = [
  { name = "Sui" },
]

[[move.package]]
name = "KriyaDex"
source = { local = "../externals/kriya-dex" }

dependencies = [
  { name = "Sui" },
]

[[move.package]]
name = "MoveSTL"
source = { git = "https://github.com/CetusProtocol/move-stl.git", rev = "mainnet-v1.23.1", subdir = "sui" }

dependencies = [
  { name = "Sui" },
]

[[move.package]]
name = "MoveStdlib"
source = { git = "https://github.com/MystenLabs/sui.git", rev = "mainnet-v1.23.1", subdir = "crates/sui-framework/packages/move-stdlib" }

[[move.package]]
name = "ProtocolFeeVault"
source = { local = "../externals/aftermath/amm-protocol-fee-vault" }

dependencies = [
  { name = "InsuranceFund" },
  { name = "ReferralVault" },
  { name = "Sui" },
  { name = "Treasury" },
  { name = "utilities" },
]

[[move.package]]
name = "ReferralVault"
source = { local = "../externals/aftermath/amm-referral-vault" }

dependencies = [
  { name = "Sui" },
]

[[move.package]]
name = "Sui"
source = { git = "https://github.com/MystenLabs/sui.git", rev = "mainnet-v1.23.1", subdir = "crates/sui-framework/packages/sui-framework" }

dependencies = [
  { name = "MoveStdlib" },
]

[[move.package]]
name = "Treasury"
source = { local = "../externals/aftermath/amm-treasury" }

dependencies = [
  { name = "Sui" },
]

[[move.package]]
name = "TurbosDex"
source = { local = "../externals/turbos-dex" }

dependencies = [
  { name = "Sui" },
]

[[move.package]]
name = "utilities"
source = { local = "../externals/aftermath/utility/utilities" }

dependencies = [
  { name = "Sui" },
]

[move.toolchain-version]
compiler-version = "1.22.0"
edition = "legacy"
flavor = "sui"
